
Microsoft Visual Studio Solution File, Format Version 12.00
# Visual Studio Version 17
VisualStudioVersion = 17.13.35931.197 d17.13
MinimumVisualStudioVersion = 10.0.40219.1
Project("{FAE04EC0-301F-11D3-BF4B-00C04F79EFBC}") = "Dunkar", "Dunkar\Dunkar.csproj", "{0D2F0AC5-241D-4E47-AD44-FF322A2666F7}"
EndProject
Global
	GlobalSection(SolutionConfigurationPlatforms) = preSolution
		Debug|Any CPU = Debug|Any CPU
		Release|Any CPU = Release|Any CPU
	EndGlobalSection
	GlobalSection(ProjectConfigurationPlatforms) = postSolution
		{0D2F0AC5-241D-4E47-AD44-FF322A2666F7}.Debug|Any CPU.ActiveCfg = Debug|Any CPU
		{0D2F0AC5-241D-4E47-AD44-FF322A2666F7}.Debug|Any CPU.Build.0 = Debug|Any CPU
		{0D2F0AC5-241D-4E47-AD44-FF322A2666F7}.Release|Any CPU.ActiveCfg = Release|Any CPU
		{0D2F0AC5-241D-4E47-AD44-FF322A2666F7}.Release|Any CPU.Build.0 = Release|Any CPU
	EndGlobalSection
	GlobalSection(SolutionProperties) = preSolution
		HideSolutionNode = FALSE
	EndGlobalSection
	GlobalSection(ExtensibilityGlobals) = postSolution
		SolutionGuid = {27EA060B-CAB5-43C6-A207-CA8E5F5C27A0}
	EndGlobalSection
EndGlobal
